
Microsoft Visual Studio Solution File, Format Version 12.00
# Visual Studio 15
VisualStudioVersion = 15.0.28307.539
MinimumVisualStudioVersion = 10.0.40219.1
Project("{FAE04EC0-301F-11D3-BF4B-00C04F79EFBC}") = "SupermarketPricing", "SupermarketPricing\SupermarketPricing.csproj", "{B591A5F8-0939-4E0E-A1D5-5B475AAE0472}"
EndProject
Project("{FAE04EC0-301F-11D3-BF4B-00C04F79EFBC}") = "SupermarketPricing.Tests", "SupermarketPricing.Tests\SupermarketPricing.Tests.csproj", "{A25FA4CD-F5A8-498B-9FE5-D9342564B7D1}"
EndProject
Global
	GlobalSection(SolutionConfigurationPlatforms) = preSolution
		Debug|Any CPU = Debug|Any CPU
		Release|Any CPU = Release|Any CPU
	EndGlobalSection
	GlobalSection(ProjectConfigurationPlatforms) = postSolution
		{B591A5F8-0939-4E0E-A1D5-5B475AAE0472}.Debug|Any CPU.ActiveCfg = Debug|Any CPU
		{B591A5F8-0939-4E0E-A1D5-5B475AAE0472}.Debug|Any CPU.Build.0 = Debug|Any CPU
		{B591A5F8-0939-4E0E-A1D5-5B475AAE0472}.Release|Any CPU.ActiveCfg = Release|Any CPU
		{B591A5F8-0939-4E0E-A1D5-5B475AAE0472}.Release|Any CPU.Build.0 = Release|Any CPU
		{A25FA4CD-F5A8-498B-9FE5-D9342564B7D1}.Debug|Any CPU.ActiveCfg = Debug|Any CPU
		{A25FA4CD-F5A8-498B-9FE5-D9342564B7D1}.Debug|Any CPU.Build.0 = Debug|Any CPU
		{A25FA4CD-F5A8-498B-9FE5-D9342564B7D1}.Release|Any CPU.ActiveCfg = Release|Any CPU
		{A25FA4CD-F5A8-498B-9FE5-D9342564B7D1}.Release|Any CPU.Build.0 = Release|Any CPU
	EndGlobalSection
	GlobalSection(SolutionProperties) = preSolution
		HideSolutionNode = FALSE
	EndGlobalSection
	GlobalSection(ExtensibilityGlobals) = postSolution
		SolutionGuid = {6694CEAC-FD64-4392-BD45-1B6A33A6F845}
	EndGlobalSection
EndGlobal
